<?xml version="1.0" encoding="utf-8"?>
<Project ToolsVersion="4.0" xmlns="http://schemas.microsoft.com/developer/msbuild/2003">
  <ItemGroup>
    <Filter Include="Source Files">
      <UniqueIdentifier>{4FC737F1-C7A5-4376-A066-2A32D752A2FF}</UniqueIdentifier>
      <Extensions>cpp;c;cc;cxx;c++;cppm;ixx;def;odl;idl;hpj;bat;asm;asmx</Extensions>
    </Filter>
    <Filter Include="Header Files">
      <UniqueIdentifier>{93995380-89BD-4b04-88EB-625FBE52EBFB}</UniqueIdentifier>
      <Extensions>h;hh;hpp;hxx;h++;hm;inl;inc;ipp;xsd</Extensions>
    </Filter>
    <Filter Include="Resource Files">
      <UniqueIdentifier>{67DA6AB6-F800-4c08-8B7A-83BB121AAD01}</UniqueIdentifier>
      <Extensions>rc;ico;cur;bmp;dlg;rc2;rct;bin;rgs;gif;jpg;jpeg;jpe;resx;tiff;tif;png;wav;mfcribbon-ms</Extensions>
    </Filter>
    <Filter Include="Header Files\mk4">
      <UniqueIdentifier>{503f75ee-a31d-45d7-8431-c7c1d22eaad6}</UniqueIdentifier>
    </Filter>
  </ItemGroup>
  <ItemGroup>
    <ClInclude Include="framework.h">
      <Filter>Header Files</Filter>
    </ClInclude>
    <ClInclude Include="pch.h">
      <Filter>Header Files</Filter>
    </ClInclude>
    <ClInclude Include="mk4\pointer.h">
      <Filter>Header Files\mk4</Filter>
    </ClInclude>
    <ClInclude Include="mk4\flt.h">
      <Filter>Header Files\mk4</Filter>
    </ClInclude>
    <ClInclude Include="mk4.h">
      <Filter>Header Files</Filter>
    </ClInclude>
    <ClInclude Include="mk4\camera.h">
      <Filter>Header Files\mk4</Filter>
    </ClInclude>
    <ClInclude Include="mk4\vector.h">
      <Filter>Header Files\mk4</Filter>
    </ClInclude>
    <ClInclude Include="mk4\fakevec.h">
      <Filter>Header Files\mk4</Filter>
    </ClInclude>
    <ClInclude Include="MemoryMgr.h">
      <Filter>Header Files</Filter>
    </ClInclude>
    <ClInclude Include="wrapper.h">
      <Filter>Header Files</Filter>
    </ClInclude>
    <ClInclude Include="mk4\kodes.h">
      <Filter>Header Files\mk4</Filter>
    </ClInclude>
    <ClInclude Include="freecamera.h">
      <Filter>Header Files</Filter>
    </ClInclude>
    <ClInclude Include="mk4\character.h">
      <Filter>Header Files\mk4</Filter>
    </ClInclude>
    <ClInclude Include="IniReader.h">
      <Filter>Source Files</Filter>
    </ClInclude>
    <ClInclude Include="settings.h">
      <Filter>Header Files</Filter>
    </ClInclude>
  </ItemGroup>
  <ItemGroup>
    <ClCompile Include="dllmain.cpp">
      <Filter>Source Files</Filter>
    </ClCompile>
    <ClCompile Include="pch.cpp">
      <Filter>Source Files</Filter>
    </ClCompile>
    <ClCompile Include="mk4\pointer.cpp">
      <Filter>Header Files\mk4</Filter>
    </ClCompile>
    <ClCompile Include="mk4\flt.cpp">
      <Filter>Header Files\mk4</Filter>
    </ClCompile>
    <ClCompile Include="mk4\fakevec.cpp">
      <Filter>Header Files\mk4</Filter>
    </ClCompile>
    <ClCompile Include="mk4\vector.cpp">
      <Filter>Header Files\mk4</Filter>
    </ClCompile>
    <ClCompile Include="mk4\camera.cpp">
      <Filter>Header Files\mk4</Filter>
    </ClCompile>
    <ClCompile Include="wrapper.cpp">
      <Filter>Header Files</Filter>
    </ClCompile>
    <ClCompile Include="mk4\kodes.cpp">
      <Filter>Header Files\mk4</Filter>
    </ClCompile>
    <ClCompile Include="freecamera.cpp">
      <Filter>Header Files</Filter>
    </ClCompile>
    <ClCompile Include="IniReader.cpp">
      <Filter>Source Files</Filter>
    </ClCompile>
    <ClCompile Include="settings.cpp">
      <Filter>Header Files</Filter>
    </ClCompile>
  </ItemGroup>
</Project>